// !$*UTF8*$!
{
	archiveVersion = 1;
	classes = {
	};
	objectVersion = 46;
	objects = {

/* Begin PBXBuildFile section */
		7F05EA8A1EFC35760038E5CF /* CartViewController.m in Sources */ = {isa = PBXBuildFile; fileRef = 7F05EA891EFC35760038E5CF /* CartViewController.m */; };
		7F3730781EF5A340007E6720 /* DisplayNearestRestaurantsViewController.m in Sources */ = {isa = PBXBuildFile; fileRef = 7F3730771EF5A340007E6720 /* DisplayNearestRestaurantsViewController.m */; };
		7F37307B1EF5A373007E6720 /* DisplayNearestRestaurantPresenter.m in Sources */ = {isa = PBXBuildFile; fileRef = 7F37307A1EF5A373007E6720 /* DisplayNearestRestaurantPresenter.m */; };
		7F37307E1EF5A3BE007E6720 /* DisplayNearestRestaurantService.m in Sources */ = {isa = PBXBuildFile; fileRef = 7F37307D1EF5A3BE007E6720 /* DisplayNearestRestaurantService.m */; };
		7F3730891EF5BEBE007E6720 /* LoginViewController.m in Sources */ = {isa = PBXBuildFile; fileRef = 7F3730881EF5BEBE007E6720 /* LoginViewController.m */; };
		7F37308C1EF5BEE2007E6720 /* RegisterCustomerViewController.m in Sources */ = {isa = PBXBuildFile; fileRef = 7F37308B1EF5BEE2007E6720 /* RegisterCustomerViewController.m */; };
		7F3730A31EF5D8E3007E6720 /* RegisteredCustomers+CoreDataClass.m in Sources */ = {isa = PBXBuildFile; fileRef = 7F3730A01EF5D8E3007E6720 /* RegisteredCustomers+CoreDataClass.m */; };
		7F3730A41EF5D8E3007E6720 /* RegisteredCustomers+CoreDataProperties.m in Sources */ = {isa = PBXBuildFile; fileRef = 7F3730A21EF5D8E3007E6720 /* RegisteredCustomers+CoreDataProperties.m */; };
		7F3F2CBC1EF6008500D8F970 /* CoreDataClass.m in Sources */ = {isa = PBXBuildFile; fileRef = 7F3F2CBB1EF6008500D8F970 /* CoreDataClass.m */; };
		7F3F2CC11EF6189900D8F970 /* ErrorCodes.m in Sources */ = {isa = PBXBuildFile; fileRef = 7F3F2CC01EF6189900D8F970 /* ErrorCodes.m */; };
		7FDD77CA1EF846270010A142 /* CustomCollectionViewCellForHome.m in Sources */ = {isa = PBXBuildFile; fileRef = 7FDD77C91EF846270010A142 /* CustomCollectionViewCellForHome.m */; };
		7FDDC59A1EFC490A005DFC92 /* CartItems+CoreDataClass.m in Sources */ = {isa = PBXBuildFile; fileRef = 7FDDC5971EFC490A005DFC92 /* CartItems+CoreDataClass.m */; };
		7FDDC59B1EFC490A005DFC92 /* CartItems+CoreDataProperties.m in Sources */ = {isa = PBXBuildFile; fileRef = 7FDDC5991EFC490A005DFC92 /* CartItems+CoreDataProperties.m */; };
		7FDDC59E1EFC54E6005DFC92 /* StartAppViewController.m in Sources */ = {isa = PBXBuildFile; fileRef = 7FDDC59D1EFC54E6005DFC92 /* StartAppViewController.m */; };
		7FECF2991EFB6B2C006EB331 /* 1.jpg in Resources */ = {isa = PBXBuildFile; fileRef = 7FECF2981EFB6B2C006EB331 /* 1.jpg */; };
		7FECF29C1EFB75E6006EB331 /* RestaurantMenuViewController.m in Sources */ = {isa = PBXBuildFile; fileRef = 7FECF29B1EFB75E5006EB331 /* RestaurantMenuViewController.m */; };
		7FF937611EF4E5A100C18D01 /* main.m in Sources */ = {isa = PBXBuildFile; fileRef = 7FF937601EF4E5A100C18D01 /* main.m */; };
		7FF937641EF4E5A100C18D01 /* AppDelegate.m in Sources */ = {isa = PBXBuildFile; fileRef = 7FF937631EF4E5A100C18D01 /* AppDelegate.m */; };
		7FF9376A1EF4E5A100C18D01 /* Main.storyboard in Resources */ = {isa = PBXBuildFile; fileRef = 7FF937681EF4E5A100C18D01 /* Main.storyboard */; };
		7FF9376D1EF4E5A100C18D01 /* easy_food.xcdatamodeld in Sources */ = {isa = PBXBuildFile; fileRef = 7FF9376B1EF4E5A100C18D01 /* easy_food.xcdatamodeld */; };
		7FF9376F1EF4E5A100C18D01 /* Assets.xcassets in Resources */ = {isa = PBXBuildFile; fileRef = 7FF9376E1EF4E5A100C18D01 /* Assets.xcassets */; };
		7FF937721EF4E5A100C18D01 /* LaunchScreen.storyboard in Resources */ = {isa = PBXBuildFile; fileRef = 7FF937701EF4E5A100C18D01 /* LaunchScreen.storyboard */; };
		7FF9377E1EF4FD5E00C18D01 /* home_icon.png in Resources */ = {isa = PBXBuildFile; fileRef = 7FF9377D1EF4FD5E00C18D01 /* home_icon.png */; };
/* End PBXBuildFile section */

/* Begin PBXFileReference section */
		7F05EA881EFC35760038E5CF /* CartViewController.h */ = {isa = PBXFileReference; fileEncoding = 4; lastKnownFileType = sourcecode.c.h; path = CartViewController.h; sourceTree = "<group>"; };
		7F05EA891EFC35760038E5CF /* CartViewController.m */ = {isa = PBXFileReference; fileEncoding = 4; lastKnownFileType = sourcecode.c.objc; path = CartViewController.m; sourceTree = "<group>"; };
		7F3730761EF5A340007E6720 /* DisplayNearestRestaurantsViewController.h */ = {isa = PBXFileReference; fileEncoding = 4; lastKnownFileType = sourcecode.c.h; path = DisplayNearestRestaurantsViewController.h; sourceTree = "<group>"; };
		7F3730771EF5A340007E6720 /* DisplayNearestRestaurantsViewController.m */ = {isa = PBXFileReference; fileEncoding = 4; lastKnownFileType = sourcecode.c.objc; path = DisplayNearestRestaurantsViewController.m; sourceTree = "<group>"; };
		7F3730791EF5A373007E6720 /* DisplayNearestRestaurantPresenter.h */ = {isa = PBXFileReference; fileEncoding = 4; lastKnownFileType = sourcecode.c.h; path = DisplayNearestRestaurantPresenter.h; sourceTree = "<group>"; };
		7F37307A1EF5A373007E6720 /* DisplayNearestRestaurantPresenter.m */ = {isa = PBXFileReference; fileEncoding = 4; lastKnownFileType = sourcecode.c.objc; path = DisplayNearestRestaurantPresenter.m; sourceTree = "<group>"; };
		7F37307C1EF5A3BE007E6720 /* DisplayNearestRestaurantService.h */ = {isa = PBXFileReference; fileEncoding = 4; lastKnownFileType = sourcecode.c.h; path = DisplayNearestRestaurantService.h; sourceTree = "<group>"; };
		7F37307D1EF5A3BE007E6720 /* DisplayNearestRestaurantService.m */ = {isa = PBXFileReference; fileEncoding = 4; lastKnownFileType = sourcecode.c.objc; path = DisplayNearestRestaurantService.m; sourceTree = "<group>"; };
		7F37307F1EF5A477007E6720 /* DisplayNearestRestaurantPresenterProtocol.h */ = {isa = PBXFileReference; lastKnownFileType = sourcecode.c.h; path = DisplayNearestRestaurantPresenterProtocol.h; sourceTree = "<group>"; };
		7F3730871EF5BEBE007E6720 /* LoginViewController.h */ = {isa = PBXFileReference; fileEncoding = 4; lastKnownFileType = sourcecode.c.h; path = LoginViewController.h; sourceTree = "<group>"; };
		7F3730881EF5BEBE007E6720 /* LoginViewController.m */ = {isa = PBXFileReference; fileEncoding = 4; lastKnownFileType = sourcecode.c.objc; path = LoginViewController.m; sourceTree = "<group>"; };
		7F37308A1EF5BEE2007E6720 /* RegisterCustomerViewController.h */ = {isa = PBXFileReference; fileEncoding = 4; lastKnownFileType = sourcecode.c.h; path = RegisterCustomerViewController.h; sourceTree = "<group>"; };
		7F37308B1EF5BEE2007E6720 /* RegisterCustomerViewController.m */ = {isa = PBXFileReference; fileEncoding = 4; lastKnownFileType = sourcecode.c.objc; path = RegisterCustomerViewController.m; sourceTree = "<group>"; };
		7F37309F1EF5D8E3007E6720 /* RegisteredCustomers+CoreDataClass.h */ = {isa = PBXFileReference; fileEncoding = 4; lastKnownFileType = sourcecode.c.h; path = "RegisteredCustomers+CoreDataClass.h"; sourceTree = "<group>"; };
		7F3730A01EF5D8E3007E6720 /* RegisteredCustomers+CoreDataClass.m */ = {isa = PBXFileReference; fileEncoding = 4; lastKnownFileType = sourcecode.c.objc; path = "RegisteredCustomers+CoreDataClass.m"; sourceTree = "<group>"; };
		7F3730A11EF5D8E3007E6720 /* RegisteredCustomers+CoreDataProperties.h */ = {isa = PBXFileReference; fileEncoding = 4; lastKnownFileType = sourcecode.c.h; path = "RegisteredCustomers+CoreDataProperties.h"; sourceTree = "<group>"; };
		7F3730A21EF5D8E3007E6720 /* RegisteredCustomers+CoreDataProperties.m */ = {isa = PBXFileReference; fileEncoding = 4; lastKnownFileType = sourcecode.c.objc; path = "RegisteredCustomers+CoreDataProperties.m"; sourceTree = "<group>"; };
		7F3730A51EF5DE05007E6720 /* DisplayNearestRestaurantServiceProtocol.h */ = {isa = PBXFileReference; lastKnownFileType = sourcecode.c.h; path = DisplayNearestRestaurantServiceProtocol.h; sourceTree = "<group>"; };
		7F3F2CBA1EF6008500D8F970 /* CoreDataClass.h */ = {isa = PBXFileReference; fileEncoding = 4; lastKnownFileType = sourcecode.c.h; path = CoreDataClass.h; sourceTree = "<group>"; };
		7F3F2CBB1EF6008500D8F970 /* CoreDataClass.m */ = {isa = PBXFileReference; fileEncoding = 4; lastKnownFileType = sourcecode.c.objc; path = CoreDataClass.m; sourceTree = "<group>"; };
		7F3F2CBF1EF6189900D8F970 /* ErrorCodes.h */ = {isa = PBXFileReference; fileEncoding = 4; lastKnownFileType = sourcecode.c.h; path = ErrorCodes.h; sourceTree = "<group>"; };
		7F3F2CC01EF6189900D8F970 /* ErrorCodes.m */ = {isa = PBXFileReference; fileEncoding = 4; lastKnownFileType = sourcecode.c.objc; path = ErrorCodes.m; sourceTree = "<group>"; };
		7FDD77C81EF846270010A142 /* CustomCollectionViewCellForHome.h */ = {isa = PBXFileReference; fileEncoding = 4; lastKnownFileType = sourcecode.c.h; path = CustomCollectionViewCellForHome.h; sourceTree = "<group>"; };
		7FDD77C91EF846270010A142 /* CustomCollectionViewCellForHome.m */ = {isa = PBXFileReference; fileEncoding = 4; lastKnownFileType = sourcecode.c.objc; path = CustomCollectionViewCellForHome.m; sourceTree = "<group>"; };
		7FDDC5961EFC490A005DFC92 /* CartItems+CoreDataClass.h */ = {isa = PBXFileReference; fileEncoding = 4; lastKnownFileType = sourcecode.c.h; path = "CartItems+CoreDataClass.h"; sourceTree = "<group>"; };
		7FDDC5971EFC490A005DFC92 /* CartItems+CoreDataClass.m */ = {isa = PBXFileReference; fileEncoding = 4; lastKnownFileType = sourcecode.c.objc; path = "CartItems+CoreDataClass.m"; sourceTree = "<group>"; };
		7FDDC5981EFC490A005DFC92 /* CartItems+CoreDataProperties.h */ = {isa = PBXFileReference; fileEncoding = 4; lastKnownFileType = sourcecode.c.h; path = "CartItems+CoreDataProperties.h"; sourceTree = "<group>"; };
		7FDDC5991EFC490A005DFC92 /* CartItems+CoreDataProperties.m */ = {isa = PBXFileReference; fileEncoding = 4; lastKnownFileType = sourcecode.c.objc; path = "CartItems+CoreDataProperties.m"; sourceTree = "<group>"; };
		7FDDC59C1EFC54E6005DFC92 /* StartAppViewController.h */ = {isa = PBXFileReference; fileEncoding = 4; lastKnownFileType = sourcecode.c.h; path = StartAppViewController.h; sourceTree = "<group>"; };
		7FDDC59D1EFC54E6005DFC92 /* StartAppViewController.m */ = {isa = PBXFileReference; fileEncoding = 4; lastKnownFileType = sourcecode.c.objc; path = StartAppViewController.m; sourceTree = "<group>"; };
		7FECF2981EFB6B2C006EB331 /* 1.jpg */ = {isa = PBXFileReference; lastKnownFileType = image.jpeg; path = 1.jpg; sourceTree = "<group>"; };
		7FECF29A1EFB75E5006EB331 /* RestaurantMenuViewController.h */ = {isa = PBXFileReference; fileEncoding = 4; lastKnownFileType = sourcecode.c.h; path = RestaurantMenuViewController.h; sourceTree = "<group>"; };
		7FECF29B1EFB75E5006EB331 /* RestaurantMenuViewController.m */ = {isa = PBXFileReference; fileEncoding = 4; lastKnownFileType = sourcecode.c.objc; path = RestaurantMenuViewController.m; sourceTree = "<group>"; };
		7FF9375C1EF4E5A100C18D01 /* easy-food.app */ = {isa = PBXFileReference; explicitFileType = wrapper.application; includeInIndex = 0; path = "easy-food.app"; sourceTree = BUILT_PRODUCTS_DIR; };
		7FF937601EF4E5A100C18D01 /* main.m */ = {isa = PBXFileReference; lastKnownFileType = sourcecode.c.objc; path = main.m; sourceTree = "<group>"; };
		7FF937621EF4E5A100C18D01 /* AppDelegate.h */ = {isa = PBXFileReference; lastKnownFileType = sourcecode.c.h; path = AppDelegate.h; sourceTree = "<group>"; };
		7FF937631EF4E5A100C18D01 /* AppDelegate.m */ = {isa = PBXFileReference; lastKnownFileType = sourcecode.c.objc; path = AppDelegate.m; sourceTree = "<group>"; };
		7FF937691EF4E5A100C18D01 /* Base */ = {isa = PBXFileReference; lastKnownFileType = file.storyboard; name = Base; path = Base.lproj/Main.storyboard; sourceTree = "<group>"; };
		7FF9376C1EF4E5A100C18D01 /* easy_food.xcdatamodel */ = {isa = PBXFileReference; lastKnownFileType = wrapper.xcdatamodel; path = easy_food.xcdatamodel; sourceTree = "<group>"; };
		7FF9376E1EF4E5A100C18D01 /* Assets.xcassets */ = {isa = PBXFileReference; lastKnownFileType = folder.assetcatalog; path = Assets.xcassets; sourceTree = "<group>"; };
		7FF937711EF4E5A100C18D01 /* Base */ = {isa = PBXFileReference; lastKnownFileType = file.storyboard; name = Base; path = Base.lproj/LaunchScreen.storyboard; sourceTree = "<group>"; };
		7FF937731EF4E5A100C18D01 /* Info.plist */ = {isa = PBXFileReference; lastKnownFileType = text.plist.xml; path = Info.plist; sourceTree = "<group>"; };
		7FF9377D1EF4FD5E00C18D01 /* home_icon.png */ = {isa = PBXFileReference; lastKnownFileType = image.png; path = home_icon.png; sourceTree = "<group>"; };
/* End PBXFileReference section */

/* Begin PBXFrameworksBuildPhase section */
		7FF937591EF4E5A100C18D01 /* Frameworks */ = {
			isa = PBXFrameworksBuildPhase;
			buildActionMask = 2147483647;
			files = (
			);
			runOnlyForDeploymentPostprocessing = 0;
		};
/* End PBXFrameworksBuildPhase section */

/* Begin PBXGroup section */
		7F3F2CB91EF6006200D8F970 /* coredata */ = {
			isa = PBXGroup;
			children = (
				7F3F2CBA1EF6008500D8F970 /* CoreDataClass.h */,
				7F3F2CBB1EF6008500D8F970 /* CoreDataClass.m */,
			);
			name = coredata;
			sourceTree = "<group>";
		};
		7F3F2CBE1EF6187000D8F970 /* Error_codes */ = {
			isa = PBXGroup;
			children = (
				7F3F2CBF1EF6189900D8F970 /* ErrorCodes.h */,
				7F3F2CC01EF6189900D8F970 /* ErrorCodes.m */,
			);
			name = Error_codes;
			sourceTree = "<group>";
		};
		7FF937531EF4E5A100C18D01 = {
			isa = PBXGroup;
			children = (
				7FDDC5961EFC490A005DFC92 /* CartItems+CoreDataClass.h */,
				7FDDC5971EFC490A005DFC92 /* CartItems+CoreDataClass.m */,
				7FDDC5981EFC490A005DFC92 /* CartItems+CoreDataProperties.h */,
				7FDDC5991EFC490A005DFC92 /* CartItems+CoreDataProperties.m */,
				7F37309F1EF5D8E3007E6720 /* RegisteredCustomers+CoreDataClass.h */,
				7F3730A01EF5D8E3007E6720 /* RegisteredCustomers+CoreDataClass.m */,
				7F3730A11EF5D8E3007E6720 /* RegisteredCustomers+CoreDataProperties.h */,
				7F3730A21EF5D8E3007E6720 /* RegisteredCustomers+CoreDataProperties.m */,
				7FF9375E1EF4E5A100C18D01 /* easy-food */,
				7FF9375D1EF4E5A100C18D01 /* Products */,
			);
			sourceTree = "<group>";
		};
		7FF9375D1EF4E5A100C18D01 /* Products */ = {
			isa = PBXGroup;
			children = (
				7FF9375C1EF4E5A100C18D01 /* easy-food.app */,
			);
			name = Products;
			sourceTree = "<group>";
		};
		7FF9375E1EF4E5A100C18D01 /* easy-food */ = {
			isa = PBXGroup;
			children = (
				7F3F2CBE1EF6187000D8F970 /* Error_codes */,
				7F3F2CB91EF6006200D8F970 /* coredata */,
				7FF937791EF4F9BB00C18D01 /* easyfoodViewControllers */,
				7FF9377A1EF4F9E800C18D01 /* easyfoodPresenters */,
				7FF9377B1EF4FA1400C18D01 /* easyfoodServices */,
				7FF9377C1EF4FA7200C18D01 /* utilityFiles */,
				7FF937621EF4E5A100C18D01 /* AppDelegate.h */,
				7FF937631EF4E5A100C18D01 /* AppDelegate.m */,
				7FF937681EF4E5A100C18D01 /* Main.storyboard */,
				7FF9376E1EF4E5A100C18D01 /* Assets.xcassets */,
				7FF937701EF4E5A100C18D01 /* LaunchScreen.storyboard */,
				7FF937731EF4E5A100C18D01 /* Info.plist */,
				7FF9376B1EF4E5A100C18D01 /* easy_food.xcdatamodeld */,
				7FF9375F1EF4E5A100C18D01 /* Supporting Files */,
			);
			path = "easy-food";
			sourceTree = "<group>";
		};
		7FF9375F1EF4E5A100C18D01 /* Supporting Files */ = {
			isa = PBXGroup;
			children = (
				7FF937601EF4E5A100C18D01 /* main.m */,
			);
			name = "Supporting Files";
			sourceTree = "<group>";
		};
		7FF937791EF4F9BB00C18D01 /* easyfoodViewControllers */ = {
			isa = PBXGroup;
			children = (
				7F3730761EF5A340007E6720 /* DisplayNearestRestaurantsViewController.h */,
				7F3730771EF5A340007E6720 /* DisplayNearestRestaurantsViewController.m */,
				7FDD77C81EF846270010A142 /* CustomCollectionViewCellForHome.h */,
				7FDDC59C1EFC54E6005DFC92 /* StartAppViewController.h */,
				7FDDC59D1EFC54E6005DFC92 /* StartAppViewController.m */,
				7FDD77C91EF846270010A142 /* CustomCollectionViewCellForHome.m */,
				7F3730871EF5BEBE007E6720 /* LoginViewController.h */,
				7F3730881EF5BEBE007E6720 /* LoginViewController.m */,
				7F37308A1EF5BEE2007E6720 /* RegisterCustomerViewController.h */,
				7F37308B1EF5BEE2007E6720 /* RegisterCustomerViewController.m */,
				7FECF29A1EFB75E5006EB331 /* RestaurantMenuViewController.h */,
				7FECF29B1EFB75E5006EB331 /* RestaurantMenuViewController.m */,
				7F05EA881EFC35760038E5CF /* CartViewController.h */,
				7F05EA891EFC35760038E5CF /* CartViewController.m */,
			);
			name = easyfoodViewControllers;
			sourceTree = "<group>";
		};
		7FF9377A1EF4F9E800C18D01 /* easyfoodPresenters */ = {
			isa = PBXGroup;
			children = (
				7F37307F1EF5A477007E6720 /* DisplayNearestRestaurantPresenterProtocol.h */,
				7F3730791EF5A373007E6720 /* DisplayNearestRestaurantPresenter.h */,
				7F37307A1EF5A373007E6720 /* DisplayNearestRestaurantPresenter.m */,
			);
			name = easyfoodPresenters;
			sourceTree = "<group>";
		};
		7FF9377B1EF4FA1400C18D01 /* easyfoodServices */ = {
			isa = PBXGroup;
			children = (
				7F3730A51EF5DE05007E6720 /* DisplayNearestRestaurantServiceProtocol.h */,
				7F37307C1EF5A3BE007E6720 /* DisplayNearestRestaurantService.h */,
				7F37307D1EF5A3BE007E6720 /* DisplayNearestRestaurantService.m */,
			);
			name = easyfoodServices;
			sourceTree = "<group>";
		};
		7FF9377C1EF4FA7200C18D01 /* utilityFiles */ = {
			isa = PBXGroup;
			children = (
				7FECF2981EFB6B2C006EB331 /* 1.jpg */,
				7FF9377D1EF4FD5E00C18D01 /* home_icon.png */,
			);
			name = utilityFiles;
			sourceTree = "<group>";
		};
/* End PBXGroup section */

/* Begin PBXNativeTarget section */
		7FF9375B1EF4E5A100C18D01 /* easy-food */ = {
			isa = PBXNativeTarget;
			buildConfigurationList = 7FF937761EF4E5A100C18D01 /* Build configuration list for PBXNativeTarget "easy-food" */;
			buildPhases = (
				7FF937581EF4E5A100C18D01 /* Sources */,
				7FF937591EF4E5A100C18D01 /* Frameworks */,
				7FF9375A1EF4E5A100C18D01 /* Resources */,
			);
			buildRules = (
			);
			dependencies = (
			);
			name = "easy-food";
			productName = "easy-food";
			productReference = 7FF9375C1EF4E5A100C18D01 /* easy-food.app */;
			productType = "com.apple.product-type.application";
		};
/* End PBXNativeTarget section */

/* Begin PBXProject section */
		7FF937541EF4E5A100C18D01 /* Project object */ = {
			isa = PBXProject;
			attributes = {
				LastUpgradeCheck = 0820;
				ORGANIZATIONNAME = remotetiger.com;
				TargetAttributes = {
					7FF9375B1EF4E5A100C18D01 = {
						CreatedOnToolsVersion = 8.2.1;
						ProvisioningStyle = Automatic;
					};
				};
			};
			buildConfigurationList = 7FF937571EF4E5A100C18D01 /* Build configuration list for PBXProject "easy-food" */;
			compatibilityVersion = "Xcode 3.2";
			developmentRegion = English;
			hasScannedForEncodings = 0;
			knownRegions = (
				en,
				Base,
			);
			mainGroup = 7FF937531EF4E5A100C18D01;
			productRefGroup = 7FF9375D1EF4E5A100C18D01 /* Products */;
			projectDirPath = "";
			projectRoot = "";
			targets = (
				7FF9375B1EF4E5A100C18D01 /* easy-food */,
			);
		};
/* End PBXProject section */

/* Begin PBXResourcesBuildPhase section */
		7FF9375A1EF4E5A100C18D01 /* Resources */ = {
			isa = PBXResourcesBuildPhase;
			buildActionMask = 2147483647;
			files = (
				7FF937721EF4E5A100C18D01 /* LaunchScreen.storyboard in Resources */,
				7FECF2991EFB6B2C006EB331 /* 1.jpg in Resources */,
				7FF9376F1EF4E5A100C18D01 /* Assets.xcassets in Resources */,
				7FF9376A1EF4E5A100C18D01 /* Main.storyboard in Resources */,
				7FF9377E1EF4FD5E00C18D01 /* home_icon.png in Resources */,
			);
			runOnlyForDeploymentPostprocessing = 0;
		};
/* End PBXResourcesBuildPhase section */

/* Begin PBXSourcesBuildPhase section */
		7FF937581EF4E5A100C18D01 /* Sources */ = {
			isa = PBXSourcesBuildPhase;
			buildActionMask = 2147483647;
			files = (
				7F3730A31EF5D8E3007E6720 /* RegisteredCustomers+CoreDataClass.m in Sources */,
				7F05EA8A1EFC35760038E5CF /* CartViewController.m in Sources */,
				7F3F2CBC1EF6008500D8F970 /* CoreDataClass.m in Sources */,
				7F37308C1EF5BEE2007E6720 /* RegisterCustomerViewController.m in Sources */,
				7FDDC59A1EFC490A005DFC92 /* CartItems+CoreDataClass.m in Sources */,
				7F3730891EF5BEBE007E6720 /* LoginViewController.m in Sources */,
				7FF937641EF4E5A100C18D01 /* AppDelegate.m in Sources */,
				7FF937611EF4E5A100C18D01 /* main.m in Sources */,
				7FDD77CA1EF846270010A142 /* CustomCollectionViewCellForHome.m in Sources */,
				7FDDC59E1EFC54E6005DFC92 /* StartAppViewController.m in Sources */,
				7F37307B1EF5A373007E6720 /* DisplayNearestRestaurantPresenter.m in Sources */,
				7FECF29C1EFB75E6006EB331 /* RestaurantMenuViewController.m in Sources */,
				7FF9376D1EF4E5A100C18D01 /* easy_food.xcdatamodeld in Sources */,
				7F37307E1EF5A3BE007E6720 /* DisplayNearestRestaurantService.m in Sources */,
				7F3730781EF5A340007E6720 /* DisplayNearestRestaurantsViewController.m in Sources */,
				7F3730A41EF5D8E3007E6720 /* RegisteredCustomers+CoreDataProperties.m in Sources */,
				7F3F2CC11EF6189900D8F970 /* ErrorCodes.m in Sources */,
				7FDDC59B1EFC490A005DFC92 /* CartItems+CoreDataProperties.m in Sources */,
			);
			runOnlyForDeploymentPostprocessing = 0;
		};
/* End PBXSourcesBuildPhase section */

/* Begin PBXVariantGroup section */
		7FF937681EF4E5A100C18D01 /* Main.storyboard */ = {
			isa = PBXVariantGroup;
			children = (
				7FF937691EF4E5A100C18D01 /* Base */,
			);
			name = Main.storyboard;
			sourceTree = "<group>";
		};
		7FF937701EF4E5A100C18D01 /* LaunchScreen.storyboard */ = {
			isa = PBXVariantGroup;
			children = (
				7FF937711EF4E5A100C18D01 /* Base */,
			);
			name = LaunchScreen.storyboard;
			sourceTree = "<group>";
		};
/* End PBXVariantGroup section */

/* Begin XCBuildConfiguration section */
		7FF937741EF4E5A100C18D01 /* Debug */ = {
			isa = XCBuildConfiguration;
			buildSettings = {
				ALWAYS_SEARCH_USER_PATHS = NO;
				CLANG_ANALYZER_NONNULL = YES;
				CLANG_CXX_LANGUAGE_STANDARD = "gnu++0x";
				CLANG_CXX_LIBRARY = "libc++";
				CLANG_ENABLE_MODULES = YES;
				CLANG_ENABLE_OBJC_ARC = YES;
				CLANG_WARN_BOOL_CONVERSION = YES;
				CLANG_WARN_CONSTANT_CONVERSION = YES;
				CLANG_WARN_DIRECT_OBJC_ISA_USAGE = YES_ERROR;
				CLANG_WARN_DOCUMENTATION_COMMENTS = YES;
				CLANG_WARN_EMPTY_BODY = YES;
				CLANG_WARN_ENUM_CONVERSION = YES;
				CLANG_WARN_INFINITE_RECURSION = YES;
				CLANG_WARN_INT_CONVERSION = YES;
				CLANG_WARN_OBJC_ROOT_CLASS = YES_ERROR;
				CLANG_WARN_SUSPICIOUS_MOVE = YES;
				CLANG_WARN_UNREACHABLE_CODE = YES;
				CLANG_WARN__DUPLICATE_METHOD_MATCH = YES;
				"CODE_SIGN_IDENTITY[sdk=iphoneos*]" = "iPhone Developer";
				COPY_PHASE_STRIP = NO;
				DEBUG_INFORMATION_FORMAT = dwarf;
				ENABLE_STRICT_OBJC_MSGSEND = YES;
				ENABLE_TESTABILITY = YES;
				GCC_C_LANGUAGE_STANDARD = gnu99;
				GCC_DYNAMIC_NO_PIC = NO;
				GCC_NO_COMMON_BLOCKS = YES;
				GCC_OPTIMIZATION_LEVEL = 0;
				GCC_PREPROCESSOR_DEFINITIONS = (
					"DEBUG=1",
					"$(inherited)",
				);
				GCC_WARN_64_TO_32_BIT_CONVERSION = YES;
				GCC_WARN_ABOUT_RETURN_TYPE = YES_ERROR;
				GCC_WARN_UNDECLARED_SELECTOR = YES;
				GCC_WARN_UNINITIALIZED_AUTOS = YES_AGGRESSIVE;
				GCC_WARN_UNUSED_FUNCTION = YES;
				GCC_WARN_UNUSED_VARIABLE = YES;
				IPHONEOS_DEPLOYMENT_TARGET = 10.2;
				MTL_ENABLE_DEBUG_INFO = YES;
				ONLY_ACTIVE_ARCH = YES;
				SDKROOT = iphoneos;
				TARGETED_DEVICE_FAMILY = "1,2";
			};
			name = Debug;
		};
		7FF937751EF4E5A100C18D01 /* Release */ = {
			isa = XCBuildConfiguration;
			buildSettings = {
				ALWAYS_SEARCH_USER_PATHS = NO;
				CLANG_ANALYZER_NONNULL = YES;
				CLANG_CXX_LANGUAGE_STANDARD = "gnu++0x";
				CLANG_CXX_LIBRARY = "libc++";
				CLANG_ENABLE_MODULES = YES;
				CLANG_ENABLE_OBJC_ARC = YES;
				CLANG_WARN_BOOL_CONVERSION = YES;
				CLANG_WARN_CONSTANT_CONVERSION = YES;
				CLANG_WARN_DIRECT_OBJC_ISA_USAGE = YES_ERROR;
				CLANG_WARN_DOCUMENTATION_COMMENTS = YES;
				CLANG_WARN_EMPTY_BODY = YES;
				CLANG_WARN_ENUM_CONVERSION = YES;
				CLANG_WARN_INFINITE_RECURSION = YES;
				CLANG_WARN_INT_CONVERSION = YES;
				CLANG_WARN_OBJC_ROOT_CLASS = YES_ERROR;
				CLANG_WARN_SUSPICIOUS_MOVE = YES;
				CLANG_WARN_UNREACHABLE_CODE = YES;
				CLANG_WARN__DUPLICATE_METHOD_MATCH = YES;
				"CODE_SIGN_IDENTITY[sdk=iphoneos*]" = "iPhone Developer";
				COPY_PHASE_STRIP = NO;
				DEBUG_INFORMATION_FORMAT = "dwarf-with-dsym";
				ENABLE_NS_ASSERTIONS = NO;
				ENABLE_STRICT_OBJC_MSGSEND = YES;
				GCC_C_LANGUAGE_STANDARD = gnu99;
				GCC_NO_COMMON_BLOCKS = YES;
				GCC_WARN_64_TO_32_BIT_CONVERSION = YES;
				GCC_WARN_ABOUT_RETURN_TYPE = YES_ERROR;
				GCC_WARN_UNDECLARED_SELECTOR = YES;
				GCC_WARN_UNINITIALIZED_AUTOS = YES_AGGRESSIVE;
				GCC_WARN_UNUSED_FUNCTION = YES;
				GCC_WARN_UNUSED_VARIABLE = YES;
				IPHONEOS_DEPLOYMENT_TARGET = 10.2;
				MTL_ENABLE_DEBUG_INFO = NO;
				SDKROOT = iphoneos;
				TARGETED_DEVICE_FAMILY = "1,2";
				VALIDATE_PRODUCT = YES;
			};
			name = Release;
		};
		7FF937771EF4E5A100C18D01 /* Debug */ = {
			isa = XCBuildConfiguration;
			buildSettings = {
				ASSETCATALOG_COMPILER_APPICON_NAME = AppIcon;
				INFOPLIST_FILE = "easy-food/Info.plist";
				LD_RUNPATH_SEARCH_PATHS = "$(inherited) @executable_path/Frameworks";
				PRODUCT_BUNDLE_IDENTIFIER = "com.ramesh.easy-food";
				PRODUCT_NAME = "$(TARGET_NAME)";
			};
			name = Debug;
		};
		7FF937781EF4E5A100C18D01 /* Release */ = {
			isa = XCBuildConfiguration;
			buildSettings = {
				ASSETCATALOG_COMPILER_APPICON_NAME = AppIcon;
				INFOPLIST_FILE = "easy-food/Info.plist";
				LD_RUNPATH_SEARCH_PATHS = "$(inherited) @executable_path/Frameworks";
				PRODUCT_BUNDLE_IDENTIFIER = "com.ramesh.easy-food";
				PRODUCT_NAME = "$(TARGET_NAME)";
			};
			name = Release;
		};
/* End XCBuildConfiguration section */

/* Begin XCConfigurationList section */
		7FF937571EF4E5A100C18D01 /* Build configuration list for PBXProject "easy-food" */ = {
			isa = XCConfigurationList;
			buildConfigurations = (
				7FF937741EF4E5A100C18D01 /* Debug */,
				7FF937751EF4E5A100C18D01 /* Release */,
			);
			defaultConfigurationIsVisible = 0;
			defaultConfigurationName = Release;
		};
		7FF937761EF4E5A100C18D01 /* Build configuration list for PBXNativeTarget "easy-food" */ = {
			isa = XCConfigurationList;
			buildConfigurations = (
				7FF937771EF4E5A100C18D01 /* Debug */,
				7FF937781EF4E5A100C18D01 /* Release */,
			);
			defaultConfigurationIsVisible = 0;
			defaultConfigurationName = Release;
		};
/* End XCConfigurationList section */

/* Begin XCVersionGroup section */
		7FF9376B1EF4E5A100C18D01 /* easy_food.xcdatamodeld */ = {
			isa = XCVersionGroup;
			children = (
				7FF9376C1EF4E5A100C18D01 /* easy_food.xcdatamodel */,
			);
			currentVersion = 7FF9376C1EF4E5A100C18D01 /* easy_food.xcdatamodel */;
			path = easy_food.xcdatamodeld;
			sourceTree = "<group>";
			versionGroupType = wrapper.xcdatamodel;
		};
/* End XCVersionGroup section */
	};
	rootObject = 7FF937541EF4E5A100C18D01 /* Project object */;
}
